
Microsoft Visual Studio Solution File, Format Version 12.00
# Visual Studio Version 17
VisualStudioVersion = 17.2.32519.379
MinimumVisualStudioVersion = 10.0.40219.1
Project("{FAE04EC0-301F-11D3-BF4B-00C04F79EFBC}") = "TP final", "TP final\TP final.csproj", "{78851193-F0F4-40F3-AD3B-8BFE4241DD7F}"
EndProject
Global
	GlobalSection(SolutionConfigurationPlatforms) = preSolution
		Debug|Any CPU = Debug|Any CPU
		Release|Any CPU = Release|Any CPU
	EndGlobalSection
	GlobalSection(ProjectConfigurationPlatforms) = postSolution
		{78851193-F0F4-40F3-AD3B-8BFE4241DD7F}.Debug|Any CPU.ActiveCfg = Debug|Any CPU
		{78851193-F0F4-40F3-AD3B-8BFE4241DD7F}.Debug|Any CPU.Build.0 = Debug|Any CPU
		{78851193-F0F4-40F3-AD3B-8BFE4241DD7F}.Release|Any CPU.ActiveCfg = Release|Any CPU
		{78851193-F0F4-40F3-AD3B-8BFE4241DD7F}.Release|Any CPU.Build.0 = Release|Any CPU
	EndGlobalSection
	GlobalSection(SolutionProperties) = preSolution
		HideSolutionNode = FALSE
	EndGlobalSection
	GlobalSection(ExtensibilityGlobals) = postSolution
		SolutionGuid = {524FC89B-D15B-46F9-8556-A186527F46D8}
	EndGlobalSection
EndGlobal
